
Microsoft Visual Studio Solution File, Format Version 12.00
# Visual Studio Version 16
VisualStudioVersion = 16.0.32106.194
MinimumVisualStudioVersion = 10.0.40219.1
Project("{2150E333-8FDC-42A3-9474-1A3956D46DE8}") = "src", "src", "{E6CF8419-C47B-44BD-BC22-0906FAF4032A}"
EndProject
Project("{2150E333-8FDC-42A3-9474-1A3956D46DE8}") = "test", "test", "{80776AE8-67CF-49C3-B175-29A7C64DA68A}"
EndProject
Project("{2150E333-8FDC-42A3-9474-1A3956D46DE8}") = "API", "API", "{869579F7-6E5F-43E1-B193-9FF72B0FCE67}"
EndProject
Project("{2150E333-8FDC-42A3-9474-1A3956D46DE8}") = "Core", "Core", "{036D611E-FEA2-4CFE-8199-4572D1F07925}"
EndProject
Project("{2150E333-8FDC-42A3-9474-1A3956D46DE8}") = "Infrastructure", "Infrastructure", "{3543BE51-E449-4ECC-83A0-417EF97CB953}"
EndProject
Project("{2150E333-8FDC-42A3-9474-1A3956D46DE8}") = "UI", "UI", "{B5349B06-CE98-4128-881A-6ABF14BF7203}"
EndProject
Project("{9A19103F-16F7-4668-BE54-9A1E7A4F7556}") = "HR.LeaveManagement.Domain", "HR.LeaveManagement.Domain\HR.LeaveManagement.Domain.csproj", "{8050E7B2-3519-483C-912D-C8D3D9B6459E}"
EndProject
Project("{9A19103F-16F7-4668-BE54-9A1E7A4F7556}") = "HR.LeaveManagement.Application", "HR.LeaveManagement.Application\HR.LeaveManagement.Application.csproj", "{B6674782-82AD-4654-8A10-9B49201FA09F}"
EndProject
Project("{9A19103F-16F7-4668-BE54-9A1E7A4F7556}") = "HR.LeaveManagement.Infrastructure", "HR.LeaveManagement.Infrastructure\HR.LeaveManagement.Infrastructure.csproj", "{4559F917-E9D8-4AD7-A63F-4E390C97D490}"
EndProject
Project("{9A19103F-16F7-4668-BE54-9A1E7A4F7556}") = "Hr.LeaveManagement.Persistence", "Hr.LeaveManagement.Persistence\Hr.LeaveManagement.Persistence.csproj", "{05D4D048-6F87-4D1E-A5C0-B9807EF9804A}"
EndProject
Project("{9A19103F-16F7-4668-BE54-9A1E7A4F7556}") = "HR.LeaveManagement.Api", "HR.LeaveManagement.Api\HR.LeaveManagement.Api.csproj", "{616E2948-62EE-4468-A1DF-B6ECCF33CE99}"
EndProject
Project("{FAE04EC0-301F-11D3-BF4B-00C04F79EFBC}") = "HR.LeaveManagement.Application.UnitTests", "HR.LeaveManagement.Application.UnitTests\HR.LeaveManagement.Application.UnitTests.csproj", "{DF6A70B6-9435-4DB3-9407-4D29F81C1868}"
EndProject
Global
	GlobalSection(SolutionConfigurationPlatforms) = preSolution
		Debug|Any CPU = Debug|Any CPU
		Release|Any CPU = Release|Any CPU
	EndGlobalSection
	GlobalSection(ProjectConfigurationPlatforms) = postSolution
		{8050E7B2-3519-483C-912D-C8D3D9B6459E}.Debug|Any CPU.ActiveCfg = Debug|Any CPU
		{8050E7B2-3519-483C-912D-C8D3D9B6459E}.Debug|Any CPU.Build.0 = Debug|Any CPU
		{8050E7B2-3519-483C-912D-C8D3D9B6459E}.Release|Any CPU.ActiveCfg = Release|Any CPU
		{8050E7B2-3519-483C-912D-C8D3D9B6459E}.Release|Any CPU.Build.0 = Release|Any CPU
		{B6674782-82AD-4654-8A10-9B49201FA09F}.Debug|Any CPU.ActiveCfg = Debug|Any CPU
		{B6674782-82AD-4654-8A10-9B49201FA09F}.Debug|Any CPU.Build.0 = Debug|Any CPU
		{B6674782-82AD-4654-8A10-9B49201FA09F}.Release|Any CPU.ActiveCfg = Release|Any CPU
		{B6674782-82AD-4654-8A10-9B49201FA09F}.Release|Any CPU.Build.0 = Release|Any CPU
		{4559F917-E9D8-4AD7-A63F-4E390C97D490}.Debug|Any CPU.ActiveCfg = Debug|Any CPU
		{4559F917-E9D8-4AD7-A63F-4E390C97D490}.Debug|Any CPU.Build.0 = Debug|Any CPU
		{4559F917-E9D8-4AD7-A63F-4E390C97D490}.Release|Any CPU.ActiveCfg = Release|Any CPU
		{4559F917-E9D8-4AD7-A63F-4E390C97D490}.Release|Any CPU.Build.0 = Release|Any CPU
		{05D4D048-6F87-4D1E-A5C0-B9807EF9804A}.Debug|Any CPU.ActiveCfg = Debug|Any CPU
		{05D4D048-6F87-4D1E-A5C0-B9807EF9804A}.Debug|Any CPU.Build.0 = Debug|Any CPU
		{05D4D048-6F87-4D1E-A5C0-B9807EF9804A}.Release|Any CPU.ActiveCfg = Release|Any CPU
		{05D4D048-6F87-4D1E-A5C0-B9807EF9804A}.Release|Any CPU.Build.0 = Release|Any CPU
		{616E2948-62EE-4468-A1DF-B6ECCF33CE99}.Debug|Any CPU.ActiveCfg = Debug|Any CPU
		{616E2948-62EE-4468-A1DF-B6ECCF33CE99}.Debug|Any CPU.Build.0 = Debug|Any CPU
		{616E2948-62EE-4468-A1DF-B6ECCF33CE99}.Release|Any CPU.ActiveCfg = Release|Any CPU
		{616E2948-62EE-4468-A1DF-B6ECCF33CE99}.Release|Any CPU.Build.0 = Release|Any CPU
		{DF6A70B6-9435-4DB3-9407-4D29F81C1868}.Debug|Any CPU.ActiveCfg = Debug|Any CPU
		{DF6A70B6-9435-4DB3-9407-4D29F81C1868}.Debug|Any CPU.Build.0 = Debug|Any CPU
		{DF6A70B6-9435-4DB3-9407-4D29F81C1868}.Release|Any CPU.ActiveCfg = Release|Any CPU
		{DF6A70B6-9435-4DB3-9407-4D29F81C1868}.Release|Any CPU.Build.0 = Release|Any CPU
	EndGlobalSection
	GlobalSection(SolutionProperties) = preSolution
		HideSolutionNode = FALSE
	EndGlobalSection
	GlobalSection(NestedProjects) = preSolution
		{869579F7-6E5F-43E1-B193-9FF72B0FCE67} = {E6CF8419-C47B-44BD-BC22-0906FAF4032A}
		{036D611E-FEA2-4CFE-8199-4572D1F07925} = {E6CF8419-C47B-44BD-BC22-0906FAF4032A}
		{3543BE51-E449-4ECC-83A0-417EF97CB953} = {E6CF8419-C47B-44BD-BC22-0906FAF4032A}
		{B5349B06-CE98-4128-881A-6ABF14BF7203} = {E6CF8419-C47B-44BD-BC22-0906FAF4032A}
		{8050E7B2-3519-483C-912D-C8D3D9B6459E} = {036D611E-FEA2-4CFE-8199-4572D1F07925}
		{B6674782-82AD-4654-8A10-9B49201FA09F} = {036D611E-FEA2-4CFE-8199-4572D1F07925}
		{4559F917-E9D8-4AD7-A63F-4E390C97D490} = {3543BE51-E449-4ECC-83A0-417EF97CB953}
		{05D4D048-6F87-4D1E-A5C0-B9807EF9804A} = {3543BE51-E449-4ECC-83A0-417EF97CB953}
		{616E2948-62EE-4468-A1DF-B6ECCF33CE99} = {869579F7-6E5F-43E1-B193-9FF72B0FCE67}
		{DF6A70B6-9435-4DB3-9407-4D29F81C1868} = {80776AE8-67CF-49C3-B175-29A7C64DA68A}
	EndGlobalSection
	GlobalSection(ExtensibilityGlobals) = postSolution
		SolutionGuid = {7D9B5B7A-17C9-4034-91F6-DEE20984D8C4}
	EndGlobalSection
EndGlobal
